
Microsoft Visual Studio Solution File, Format Version 12.00
# Visual Studio Version 17
VisualStudioVersion = 17.11.35208.52
MinimumVisualStudioVersion = 10.0.40219.1
Project("{FAE04EC0-301F-11D3-BF4B-00C04F79EFBC}") = "Integration.api", "Integration.api\Integration.api.csproj", "{40504B65-F8AB-4656-92A4-19DE27FD3567}"
EndProject
Project("{FAE04EC0-301F-11D3-BF4B-00C04F79EFBC}") = "Integration.business", "Integration.business\Integration.business.csproj", "{7C378BB7-1F11-4AA0-BFA8-1203E6A64FE1}"
EndProject
Project("{FAE04EC0-301F-11D3-BF4B-00C04F79EFBC}") = "Integration.data", "Integration.data\Integration.data.csproj", "{F4853D13-6982-41D1-B52E-411CE21CF872}"
EndProject
Global
	GlobalSection(SolutionConfigurationPlatforms) = preSolution
		Debug|Any CPU = Debug|Any CPU
		Release|Any CPU = Release|Any CPU
	EndGlobalSection
	GlobalSection(ProjectConfigurationPlatforms) = postSolution
		{40504B65-F8AB-4656-92A4-19DE27FD3567}.Debug|Any CPU.ActiveCfg = Debug|Any CPU
		{40504B65-F8AB-4656-92A4-19DE27FD3567}.Debug|Any CPU.Build.0 = Debug|Any CPU
		{40504B65-F8AB-4656-92A4-19DE27FD3567}.Release|Any CPU.ActiveCfg = Release|Any CPU
		{40504B65-F8AB-4656-92A4-19DE27FD3567}.Release|Any CPU.Build.0 = Release|Any CPU
		{7C378BB7-1F11-4AA0-BFA8-1203E6A64FE1}.Debug|Any CPU.ActiveCfg = Debug|Any CPU
		{7C378BB7-1F11-4AA0-BFA8-1203E6A64FE1}.Debug|Any CPU.Build.0 = Debug|Any CPU
		{7C378BB7-1F11-4AA0-BFA8-1203E6A64FE1}.Release|Any CPU.ActiveCfg = Release|Any CPU
		{7C378BB7-1F11-4AA0-BFA8-1203E6A64FE1}.Release|Any CPU.Build.0 = Release|Any CPU
		{F4853D13-6982-41D1-B52E-411CE21CF872}.Debug|Any CPU.ActiveCfg = Debug|Any CPU
		{F4853D13-6982-41D1-B52E-411CE21CF872}.Debug|Any CPU.Build.0 = Debug|Any CPU
		{F4853D13-6982-41D1-B52E-411CE21CF872}.Release|Any CPU.ActiveCfg = Release|Any CPU
		{F4853D13-6982-41D1-B52E-411CE21CF872}.Release|Any CPU.Build.0 = Release|Any CPU
	EndGlobalSection
	GlobalSection(SolutionProperties) = preSolution
		HideSolutionNode = FALSE
	EndGlobalSection
	GlobalSection(ExtensibilityGlobals) = postSolution
		SolutionGuid = {E7AB1424-A128-4290-8B7B-14FB7700BB8B}
	EndGlobalSection
EndGlobal
